
Microsoft Visual Studio Solution File, Format Version 12.00
# Visual Studio Version 17
VisualStudioVersion = 17.14.36930.0 d17.14
MinimumVisualStudioVersion = 10.0.40219.1
Project("{FAE04EC0-301F-11D3-BF4B-00C04F79EFBC}") = "DogAgeCalculator.Entities", "DogAgeCalculator.Entities\DogAgeCalculator.Entities.csproj", "{301F9EE9-7DF3-4C0C-91F9-8227B6C732F9}"
EndProject
Project("{FAE04EC0-301F-11D3-BF4B-00C04F79EFBC}") = "DogAgeCalculator.BLL", "DogAgeCalculator.BLL\DogAgeCalculator.BLL.csproj", "{E11EEB62-63C8-4598-87A4-0A98578F5D05}"
EndProject
Project("{FAE04EC0-301F-11D3-BF4B-00C04F79EFBC}") = "DogAgeCalculator.DAL", "DogAgeCalculator.DAL\DogAgeCalculator.DAL.csproj", "{48DB81E9-9DA6-4588-8860-E66744FC04F8}"
EndProject
Project("{FAE04EC0-301F-11D3-BF4B-00C04F79EFBC}") = "DogAgeCalculator.UI", "DogAgeCalculator.UI\DogAgeCalculator.UI.csproj", "{E2BA5230-C5CC-43AD-BED2-5D0013F6EF85}"
EndProject
Global
	GlobalSection(SolutionConfigurationPlatforms) = preSolution
		Debug|Any CPU = Debug|Any CPU
		Release|Any CPU = Release|Any CPU
	EndGlobalSection
	GlobalSection(ProjectConfigurationPlatforms) = postSolution
		{301F9EE9-7DF3-4C0C-91F9-8227B6C732F9}.Debug|Any CPU.ActiveCfg = Debug|Any CPU
		{301F9EE9-7DF3-4C0C-91F9-8227B6C732F9}.Debug|Any CPU.Build.0 = Debug|Any CPU
		{301F9EE9-7DF3-4C0C-91F9-8227B6C732F9}.Release|Any CPU.ActiveCfg = Release|Any CPU
		{301F9EE9-7DF3-4C0C-91F9-8227B6C732F9}.Release|Any CPU.Build.0 = Release|Any CPU
		{E11EEB62-63C8-4598-87A4-0A98578F5D05}.Debug|Any CPU.ActiveCfg = Debug|Any CPU
		{E11EEB62-63C8-4598-87A4-0A98578F5D05}.Debug|Any CPU.Build.0 = Debug|Any CPU
		{E11EEB62-63C8-4598-87A4-0A98578F5D05}.Release|Any CPU.ActiveCfg = Release|Any CPU
		{E11EEB62-63C8-4598-87A4-0A98578F5D05}.Release|Any CPU.Build.0 = Release|Any CPU
		{48DB81E9-9DA6-4588-8860-E66744FC04F8}.Debug|Any CPU.ActiveCfg = Debug|Any CPU
		{48DB81E9-9DA6-4588-8860-E66744FC04F8}.Debug|Any CPU.Build.0 = Debug|Any CPU
		{48DB81E9-9DA6-4588-8860-E66744FC04F8}.Release|Any CPU.ActiveCfg = Release|Any CPU
		{48DB81E9-9DA6-4588-8860-E66744FC04F8}.Release|Any CPU.Build.0 = Release|Any CPU
		{E2BA5230-C5CC-43AD-BED2-5D0013F6EF85}.Debug|Any CPU.ActiveCfg = Debug|Any CPU
		{E2BA5230-C5CC-43AD-BED2-5D0013F6EF85}.Debug|Any CPU.Build.0 = Debug|Any CPU
		{E2BA5230-C5CC-43AD-BED2-5D0013F6EF85}.Release|Any CPU.ActiveCfg = Release|Any CPU
		{E2BA5230-C5CC-43AD-BED2-5D0013F6EF85}.Release|Any CPU.Build.0 = Release|Any CPU
	EndGlobalSection
	GlobalSection(SolutionProperties) = preSolution
		HideSolutionNode = FALSE
	EndGlobalSection
	GlobalSection(ExtensibilityGlobals) = postSolution
		SolutionGuid = {4E9308D2-1565-4895-AA37-C3575D94B9CA}
	EndGlobalSection
EndGlobal
